<?xml version="1.0" encoding="utf-8"?>
<Project ToolsVersion="4.0" xmlns="http://schemas.microsoft.com/developer/msbuild/2003">
  <ItemGroup>
    <Filter Include="Source Files">
      <UniqueIdentifier>{4FC737F1-C7A5-4376-A066-2A32D752A2FF}</UniqueIdentifier>
      <Extensions>cpp;c;cc;cxx;c++;cppm;ixx;def;odl;idl;hpj;bat;asm;asmx</Extensions>
    </Filter>
    <Filter Include="Header Files">
      <UniqueIdentifier>{93995380-89BD-4b04-88EB-625FBE52EBFB}</UniqueIdentifier>
      <Extensions>h;hh;hpp;hxx;h++;hm;inl;inc;ipp;xsd</Extensions>
    </Filter>
    <Filter Include="Resource Files">
      <UniqueIdentifier>{67DA6AB6-F800-4c08-8B7A-83BB121AAD01}</UniqueIdentifier>
      <Extensions>rc;ico;cur;bmp;dlg;rc2;rct;bin;rgs;gif;jpg;jpeg;jpe;resx;tiff;tif;png;wav;mfcribbon-ms</Extensions>
    </Filter>
    <Filter Include="Module Files">
      <UniqueIdentifier>{c62ddb1d-85bd-4780-844d-685f5b2c1893}</UniqueIdentifier>
    </Filter>
    <Filter Include="Module Files\Partition Files">
      <UniqueIdentifier>{41901217-d51c-4b73-a346-8ecee458ada5}</UniqueIdentifier>
    </Filter>
    <Filter Include="Module Files\Partition Files\Log Files">
      <UniqueIdentifier>{a11107ee-2e7b-48fb-9bda-b3bd37807751}</UniqueIdentifier>
    </Filter>
    <Filter Include="Module Files\Partition Files\JSON Files">
      <UniqueIdentifier>{3a6e2bfa-c390-4686-abae-0ed17976ed39}</UniqueIdentifier>
    </Filter>
    <Filter Include="Module Files\Partition Files\Input Files">
      <UniqueIdentifier>{d545e9fc-6bc3-47e7-9f6c-bfb3b876e5d9}</UniqueIdentifier>
    </Filter>
    <Filter Include="Module Files\Partition Files\Hex Files">
      <UniqueIdentifier>{aa56409b-76f2-489d-a485-33a4db428746}</UniqueIdentifier>
    </Filter>
    <Filter Include="Module Files\Partition Files\File Files">
      <UniqueIdentifier>{3dc94c1c-3b5c-44bf-bcb5-a920786e31b9}</UniqueIdentifier>
    </Filter>
    <Filter Include="Module Files\Partition Files\Color Files">
      <UniqueIdentifier>{ce2b4e44-0f34-4a98-8f58-978fb83cf8e6}</UniqueIdentifier>
    </Filter>
    <Filter Include="Module Files\Partition Files\Base Files">
      <UniqueIdentifier>{592aa491-374c-4405-8590-5b40e50e26a5}</UniqueIdentifier>
    </Filter>
    <Filter Include="Module Files\Partition Files\Math Files">
      <UniqueIdentifier>{da03be28-df15-4b06-b2cb-aedc5df4ab7f}</UniqueIdentifier>
    </Filter>
    <Filter Include="Module Files\Partition Files\String Files">
      <UniqueIdentifier>{8e788a20-b72a-4c10-8d68-82b621b4b6db}</UniqueIdentifier>
    </Filter>
    <Filter Include="Module Files\Partition Files\Random Files">
      <UniqueIdentifier>{fec1e70d-2187-471c-9699-d2fee2c3f147}</UniqueIdentifier>
    </Filter>
    <Filter Include="Module Files\Partition Files\UUID Files">
      <UniqueIdentifier>{8da00e15-3c43-43d4-915e-8532905eba79}</UniqueIdentifier>
    </Filter>
    <Filter Include="Module Files\Partition Files\Flag Files">
      <UniqueIdentifier>{01c1ba34-6050-4455-8871-07261f114f09}</UniqueIdentifier>
    </Filter>
    <Filter Include="Module Files\Partition Files\Path Files">
      <UniqueIdentifier>{3f9d742d-0ce9-4f69-9707-3d838a970dc8}</UniqueIdentifier>
    </Filter>
    <Filter Include="Module Files\Partition Files\Dialog Files">
      <UniqueIdentifier>{d5d4c4a8-3de8-4af7-953c-b57ee2358b9d}</UniqueIdentifier>
    </Filter>
    <Filter Include="Module Files\Partition Files\Dialog Files\Dialog System Files">
      <UniqueIdentifier>{ec3bfaea-37aa-4c7d-b029-9efff8991409}</UniqueIdentifier>
    </Filter>
    <Filter Include="Module Files\Partition Files\Timestamp Files">
      <UniqueIdentifier>{95969c74-1692-4e37-bbe4-4770e13917c6}</UniqueIdentifier>
    </Filter>
    <Filter Include="Module Files\Partition Files\UString Files">
      <UniqueIdentifier>{f0aca1d6-ae4c-48ce-8302-94b432a63b8f}</UniqueIdentifier>
    </Filter>
    <Filter Include="Module Files\Partition Files\Packfile Files">
      <UniqueIdentifier>{36e0b938-8251-4567-b401-af6610da0025}</UniqueIdentifier>
    </Filter>
    <Filter Include="Module Files\Partition Files\NBT Files">
      <UniqueIdentifier>{168a04df-53b9-427d-9ad5-371301070937}</UniqueIdentifier>
    </Filter>
  </ItemGroup>
  <ItemGroup>
    <ClCompile Include="modules\wind.ixx">
      <Filter>Module Files</Filter>
    </ClCompile>
    <ClCompile Include="modules\partitions\w_base.ixx">
      <Filter>Module Files\Partition Files\Base Files</Filter>
    </ClCompile>
    <ClCompile Include="modules\partitions\w_color.ixx">
      <Filter>Module Files\Partition Files\Color Files</Filter>
    </ClCompile>
    <ClCompile Include="modules\partitions\w_color_base.ixx">
      <Filter>Module Files\Partition Files\Color Files</Filter>
    </ClCompile>
    <ClCompile Include="modules\partitions\w_color_constants.ixx">
      <Filter>Module Files\Partition Files\Color Files</Filter>
    </ClCompile>
    <ClCompile Include="modules\partitions\w_color_functions.ixx">
      <Filter>Module Files\Partition Files\Color Files</Filter>
    </ClCompile>
    <ClCompile Include="modules\partitions\w_file_iterator.ixx">
      <Filter>Module Files\Partition Files\File Files</Filter>
    </ClCompile>
    <ClCompile Include="modules\partitions\w_hex.ixx">
      <Filter>Module Files\Partition Files\Hex Files</Filter>
    </ClCompile>
    <ClCompile Include="modules\partitions\w_input.ixx">
      <Filter>Module Files\Partition Files\Input Files</Filter>
    </ClCompile>
    <ClCompile Include="modules\partitions\w_input_base.ixx">
      <Filter>Module Files\Partition Files\Input Files</Filter>
    </ClCompile>
    <ClCompile Include="modules\partitions\w_input_constants.ixx">
      <Filter>Module Files\Partition Files\Input Files</Filter>
    </ClCompile>
    <ClCompile Include="modules\partitions\w_json.ixx">
      <Filter>Module Files\Partition Files\JSON Files</Filter>
    </ClCompile>
    <ClCompile Include="modules\partitions\w_json_base.ixx">
      <Filter>Module Files\Partition Files\JSON Files</Filter>
    </ClCompile>
    <ClCompile Include="modules\partitions\w_json_constants.ixx">
      <Filter>Module Files\Partition Files\JSON Files</Filter>
    </ClCompile>
    <ClCompile Include="modules\partitions\w_json_functions.ixx">
      <Filter>Module Files\Partition Files\JSON Files</Filter>
    </ClCompile>
    <ClCompile Include="modules\partitions\w_json_io.ixx">
      <Filter>Module Files\Partition Files\JSON Files</Filter>
    </ClCompile>
    <ClCompile Include="modules\partitions\w_json_parser.ixx">
      <Filter>Module Files\Partition Files\JSON Files</Filter>
    </ClCompile>
    <ClCompile Include="modules\partitions\w_json_tokenizer.ixx">
      <Filter>Module Files\Partition Files\JSON Files</Filter>
    </ClCompile>
    <ClCompile Include="modules\partitions\w_log.ixx">
      <Filter>Module Files\Partition Files\Log Files</Filter>
    </ClCompile>
    <ClCompile Include="modules\partitions\w_math.ixx">
      <Filter>Module Files\Partition Files\Math Files</Filter>
    </ClCompile>
    <ClCompile Include="modules\partitions\w_string_functions.ixx">
      <Filter>Module Files\Partition Files\String Files</Filter>
    </ClCompile>
    <ClCompile Include="modules\partitions\w_string.ixx">
      <Filter>Module Files\Partition Files\String Files</Filter>
    </ClCompile>
    <ClCompile Include="modules\partitions\w_string_base.ixx">
      <Filter>Module Files\Partition Files\String Files</Filter>
    </ClCompile>
    <ClCompile Include="modules\partitions\w_string_constants.ixx">
      <Filter>Module Files\Partition Files\String Files</Filter>
    </ClCompile>
    <ClCompile Include="modules\partitions\w_uuid.ixx">
      <Filter>Module Files\Partition Files\UUID Files</Filter>
    </ClCompile>
    <ClCompile Include="modules\partitions\w_uuid_base.ixx">
      <Filter>Module Files\Partition Files\UUID Files</Filter>
    </ClCompile>
    <ClCompile Include="modules\partitions\w_uuid_constants.ixx">
      <Filter>Module Files\Partition Files\UUID Files</Filter>
    </ClCompile>
    <ClCompile Include="modules\partitions\w_uuid_functions.ixx">
      <Filter>Module Files\Partition Files\UUID Files</Filter>
    </ClCompile>
    <ClCompile Include="modules\partitions\w_flag.ixx">
      <Filter>Module Files\Partition Files\Flag Files</Filter>
    </ClCompile>
    <ClCompile Include="modules\partitions\w_path.ixx">
      <Filter>Module Files\Partition Files\Path Files</Filter>
    </ClCompile>
    <ClCompile Include="modules\partitions\w_dialog.ixx">
      <Filter>Module Files\Partition Files\Dialog Files</Filter>
    </ClCompile>
    <ClCompile Include="modules\partitions\w_dialog_functions.ixx">
      <Filter>Module Files\Partition Files\Dialog Files</Filter>
    </ClCompile>
    <ClCompile Include="modules\partitions\w_dialog_type.ixx">
      <Filter>Module Files\Partition Files\Dialog Files</Filter>
    </ClCompile>
    <ClCompile Include="modules\partitions\w_dialog_constants.ixx">
      <Filter>Module Files\Partition Files\Dialog Files</Filter>
    </ClCompile>
    <ClCompile Include="modules\partitions\w_dialog_system_functions.ixx">
      <Filter>Module Files\Partition Files\Dialog Files\Dialog System Files</Filter>
    </ClCompile>
    <ClCompile Include="modules\partitions\w_dialog_system_type.ixx">
      <Filter>Module Files\Partition Files\Dialog Files\Dialog System Files</Filter>
    </ClCompile>
    <ClCompile Include="modules\partitions\w_dialog_system.ixx">
      <Filter>Module Files\Partition Files\Dialog Files\Dialog System Files</Filter>
    </ClCompile>
    <ClCompile Include="modules\partitions\w_random.ixx">
      <Filter>Module Files\Partition Files\Random Files</Filter>
    </ClCompile>
    <ClCompile Include="modules\partitions\w_timestamp.ixx">
      <Filter>Module Files\Partition Files\Timestamp Files</Filter>
    </ClCompile>
    <ClCompile Include="modules\partitions\w_dialog_settings.ixx">
      <Filter>Module Files\Partition Files\Dialog Files</Filter>
    </ClCompile>
    <ClCompile Include="modules\partitions\w_dialog_system_data.ixx">
      <Filter>Module Files\Partition Files\Dialog Files\Dialog System Files</Filter>
    </ClCompile>
    <ClCompile Include="modules\partitions\w_ustring.ixx">
      <Filter>Module Files\Partition Files\UString Files</Filter>
    </ClCompile>
    <ClCompile Include="modules\partitions\w_ustring_base.ixx">
      <Filter>Module Files\Partition Files\UString Files</Filter>
    </ClCompile>
    <ClCompile Include="modules\partitions\w_ustring_functions.ixx">
      <Filter>Module Files\Partition Files\UString Files</Filter>
    </ClCompile>
    <ClCompile Include="modules\partitions\w_packfile.ixx">
      <Filter>Module Files\Partition Files\Packfile Files</Filter>
    </ClCompile>
    <ClCompile Include="modules\partitions\w_packfile_constants.ixx">
      <Filter>Module Files\Partition Files\Packfile Files</Filter>
    </ClCompile>
    <ClCompile Include="modules\partitions\w_packfile_types.ixx">
      <Filter>Module Files\Partition Files\Packfile Files</Filter>
    </ClCompile>
    <ClCompile Include="modules\partitions\w_packfile_functions.ixx">
      <Filter>Module Files\Partition Files\Packfile Files</Filter>
    </ClCompile>
    <ClCompile Include="modules\partitions\w_packfile_interface.ixx">
      <Filter>Module Files\Partition Files\Packfile Files</Filter>
    </ClCompile>
    <ClCompile Include="modules\partitions\w_utf8.ixx">
      <Filter>Module Files\Partition Files</Filter>
    </ClCompile>
    <ClCompile Include="modules\partitions\w_file_error.ixx">
      <Filter>Module Files\Partition Files\File Files</Filter>
    </ClCompile>
    <ClCompile Include="modules\partitions\w_file_read_primitives.ixx">
      <Filter>Module Files\Partition Files\File Files</Filter>
    </ClCompile>
    <ClCompile Include="modules\partitions\w_file_write_primitives.ixx">
      <Filter>Module Files\Partition Files\File Files</Filter>
    </ClCompile>
    <ClCompile Include="modules\partitions\w_file.ixx">
      <Filter>Module Files\Partition Files\File Files</Filter>
    </ClCompile>
    <ClCompile Include="modules\partitions\w_nbt.ixx">
      <Filter>Module Files\Partition Files\NBT Files</Filter>
    </ClCompile>
    <ClCompile Include="modules\partitions\w_nbt_constants.ixx">
      <Filter>Module Files\Partition Files\NBT Files</Filter>
    </ClCompile>
    <ClCompile Include="modules\partitions\w_nbt_file_read.ixx">
      <Filter>Module Files\Partition Files\NBT Files</Filter>
    </ClCompile>
    <ClCompile Include="modules\partitions\w_nbt_file_read_node.ixx">
      <Filter>Module Files\Partition Files\NBT Files</Filter>
    </ClCompile>
    <ClCompile Include="modules\partitions\w_nbt_file_read_payload.ixx">
      <Filter>Module Files\Partition Files\NBT Files</Filter>
    </ClCompile>
    <ClCompile Include="modules\partitions\w_nbt_functions.ixx">
      <Filter>Module Files\Partition Files\NBT Files</Filter>
    </ClCompile>
    <ClCompile Include="modules\partitions\w_nbt_io.ixx">
      <Filter>Module Files\Partition Files\NBT Files</Filter>
    </ClCompile>
    <ClCompile Include="modules\partitions\w_nbt_io_load.ixx">
      <Filter>Module Files\Partition Files\NBT Files</Filter>
    </ClCompile>
    <ClCompile Include="modules\partitions\w_nbt_types.ixx">
      <Filter>Module Files\Partition Files\NBT Files</Filter>
    </ClCompile>
    <ClCompile Include="modules\partitions\w_nbt_file_read_payload_compound.ixx">
      <Filter>Module Files\Partition Files\NBT Files</Filter>
    </ClCompile>
    <ClCompile Include="modules\partitions\w_nbt_file_read_payload_list.ixx">
      <Filter>Module Files\Partition Files\NBT Files</Filter>
    </ClCompile>
    <ClCompile Include="modules\partitions\w_nbt_file_write.ixx">
      <Filter>Module Files\Partition Files\NBT Files</Filter>
    </ClCompile>
    <ClCompile Include="modules\partitions\w_nbt_file_write_node.ixx">
      <Filter>Module Files\Partition Files\NBT Files</Filter>
    </ClCompile>
    <ClCompile Include="modules\partitions\w_nbt_file_write_payload.ixx">
      <Filter>Module Files\Partition Files\NBT Files</Filter>
    </ClCompile>
    <ClCompile Include="modules\partitions\w_nbt_file_write_payload_compound.ixx">
      <Filter>Module Files\Partition Files\NBT Files</Filter>
    </ClCompile>
    <ClCompile Include="modules\partitions\w_nbt_file_write_payload_list.ixx">
      <Filter>Module Files\Partition Files\NBT Files</Filter>
    </ClCompile>
    <ClCompile Include="modules\partitions\w_nbt_io_save.ixx">
      <Filter>Module Files\Partition Files\NBT Files</Filter>
    </ClCompile>
    <ClCompile Include="modules\partitions\w_nbt_file_read_string.ixx">
      <Filter>Module Files\Partition Files\NBT Files</Filter>
    </ClCompile>
    <ClCompile Include="modules\partitions\w_nbt_file_write_string.ixx">
      <Filter>Module Files\Partition Files\NBT Files</Filter>
    </ClCompile>
  </ItemGroup>
  <ItemGroup>
    <None Include="packages.config" />
  </ItemGroup>
</Project>